
Microsoft Visual Studio Solution File, Format Version 12.00
# Visual Studio 2013
VisualStudioVersion = 12.0.21005.1
MinimumVisualStudioVersion = 10.0.40219.1
Project("{FAE04EC0-301F-11D3-BF4B-00C04F79EFBC}") = "PenggajianKaryawan", "PenggajianKaryawan\PenggajianKaryawan.csproj", "{F5B5CDB8-37D1-4664-B632-AEE8DFE1A362}"
EndProject
Project("{FAE04EC0-301F-11D3-BF4B-00C04F79EFBC}") = "AnakAyam", "AnakAyam\AnakAyam.csproj", "{2FA11A45-6581-4390-ACB8-1E9615956895}"
EndProject
Global
	GlobalSection(SolutionConfigurationPlatforms) = preSolution
		Debug|Any CPU = Debug|Any CPU
		Release|Any CPU = Release|Any CPU
	EndGlobalSection
	GlobalSection(ProjectConfigurationPlatforms) = postSolution
		{F5B5CDB8-37D1-4664-B632-AEE8DFE1A362}.Debug|Any CPU.ActiveCfg = Debug|Any CPU
		{F5B5CDB8-37D1-4664-B632-AEE8DFE1A362}.Debug|Any CPU.Build.0 = Debug|Any CPU
		{F5B5CDB8-37D1-4664-B632-AEE8DFE1A362}.Release|Any CPU.ActiveCfg = Release|Any CPU
		{F5B5CDB8-37D1-4664-B632-AEE8DFE1A362}.Release|Any CPU.Build.0 = Release|Any CPU
		{2FA11A45-6581-4390-ACB8-1E9615956895}.Debug|Any CPU.ActiveCfg = Debug|Any CPU
		{2FA11A45-6581-4390-ACB8-1E9615956895}.Debug|Any CPU.Build.0 = Debug|Any CPU
		{2FA11A45-6581-4390-ACB8-1E9615956895}.Release|Any CPU.ActiveCfg = Release|Any CPU
		{2FA11A45-6581-4390-ACB8-1E9615956895}.Release|Any CPU.Build.0 = Release|Any CPU
	EndGlobalSection
	GlobalSection(SolutionProperties) = preSolution
		HideSolutionNode = FALSE
	EndGlobalSection
EndGlobal
